{
    "_readme": [
        "This file locks the dependencies of your project to a known state",
        "Read more about it at https://getcomposer.org/doc/01-basic-usage.md#installing-dependencies",
        "This file is @generated automatically"
    ],
    "content-hash": "3146491e60e2588acef0640fa58d061e",
    "packages": [
        {
            "name": "lunkkun/permutations-generator",
            "version": "v2.0.0",
            "source": {
                "type": "git",
                "url": "https://github.com/lunkkun/php-permutations-generator.git",
                "reference": "cedf43a521fbd0471034d3fe9b91f53571f2bb59"
            },
            "dist": {
                "type": "zip",
                "url": "https://api.github.com/repos/lunkkun/php-permutations-generator/zipball/cedf43a521fbd0471034d3fe9b91f53571f2bb59",
                "reference": "cedf43a521fbd0471034d3fe9b91f53571f2bb59",
                "shasum": ""
            },
            "require": {
                "php": ">=7.2"
            },
            "require-dev": {
                "phpunit/phpunit": "^8.0"
            },
            "type": "library",
            "autoload": {
                "psr-4": {
                    "Lunkkun\\PermutationsGenerator\\": "src"
                }
            },
            "notification-url": "https://packagist.org/downloads/",
            "license": [
                "MIT"
            ],
            "authors": [
                {
                    "name": "Luuk Linders",
                    "email": "lunkkun@gmail.com"
                }
            ],
            "description": "A PHP Generator that generates all possible permutations for a given array of values.",
            "homepage": "https://github.com/lunkkun/php-permutations-generator",
            "keywords": [
                "cache",
                "generator",
                "iterator",
                "permutations",
                "php"
            ],
            "time": "2019-10-29T14:33:22+00:00"
        },
        {
            "name": "stephenhill/base58",
            "version": "v1.1.5",
            "source": {
                "type": "git",
                "url": "https://github.com/stephen-hill/base58php.git",
                "reference": "bd9fc19c788160a2f85ba0a19cd800eaf5ba5e99"
            },
            "dist": {
                "type": "zip",
                "url": "https://api.github.com/repos/stephen-hill/base58php/zipball/bd9fc19c788160a2f85ba0a19cd800eaf5ba5e99",
                "reference": "bd9fc19c788160a2f85ba0a19cd800eaf5ba5e99",
                "shasum": ""
            },
            "require-dev": {
                "athletic/athletic": "~0.1",
                "phpunit/phpunit": "4.*"
            },
            "type": "library",
            "autoload": {
                "psr-4": {
                    "StephenHill\\": "src/",
                    "StephenHill\\Benchmarks\\": "benchmarks/"
                }
            },
            "notification-url": "https://packagist.org/downloads/",
            "license": [
                "MIT"
            ],
            "authors": [
                {
                    "name": "Stephen Hill",
                    "email": "stephen@gatekiller.co.uk"
                }
            ],
            "description": "Base58 Encoding and Decoding Library for PHP",
            "time": "2019-08-22T16:51:59+00:00"
        },
        {
            "name": "symfony/polyfill-ctype",
            "version": "v1.13.1",
            "source": {
                "type": "git",
                "url": "https://github.com/symfony/polyfill-ctype.git",
                "reference": "f8f0b461be3385e56d6de3dbb5a0df24c0c275e3"
            },
            "dist": {
                "type": "zip",
                "url": "https://api.github.com/repos/symfony/polyfill-ctype/zipball/f8f0b461be3385e56d6de3dbb5a0df24c0c275e3",
                "reference": "f8f0b461be3385e56d6de3dbb5a0df24c0c275e3",
                "shasum": ""
            },
            "require": {
                "php": ">=5.3.3"
            },
            "suggest": {
                "ext-ctype": "For best performance"
            },
            "type": "library",
            "extra": {
                "branch-alias": {
                    "dev-master": "1.13-dev"
                }
            },
            "autoload": {
                "psr-4": {
                    "Symfony\\Polyfill\\Ctype\\": ""
                },
                "files": [
                    "bootstrap.php"
                ]
            },
            "notification-url": "https://packagist.org/downloads/",
            "license": [
                "MIT"
            ],
            "authors": [
                {
                    "name": "Gert de Pagter",
                    "email": "BackEndTea@gmail.com"
                },
                {
                    "name": "Symfony Community",
                    "homepage": "https://symfony.com/contributors"
                }
            ],
            "description": "Symfony polyfill for ctype functions",
            "homepage": "https://symfony.com",
            "keywords": [
                "compatibility",
                "ctype",
                "polyfill",
                "portable"
            ],
            "time": "2019-11-27T13:56:44+00:00"
        },
        {
            "name": "symfony/yaml",
            "version": "v5.0.4",
            "source": {
                "type": "git",
                "url": "https://github.com/symfony/yaml.git",
                "reference": "69b44e3b8f90949aee2eb3aa9b86ceeb01cbf62a"
            },
            "dist": {
                "type": "zip",
                "url": "https://api.github.com/repos/symfony/yaml/zipball/69b44e3b8f90949aee2eb3aa9b86ceeb01cbf62a",
                "reference": "69b44e3b8f90949aee2eb3aa9b86ceeb01cbf62a",
                "shasum": ""
            },
            "require": {
                "php": "^7.2.5",
                "symfony/polyfill-ctype": "~1.8"
            },
            "conflict": {
                "symfony/console": "<4.4"
            },
            "require-dev": {
                "symfony/console": "^4.4|^5.0"
            },
            "suggest": {
                "symfony/console": "For validating YAML files using the lint command"
            },
            "type": "library",
            "extra": {
                "branch-alias": {
                    "dev-master": "5.0-dev"
                }
            },
            "autoload": {
                "psr-4": {
                    "Symfony\\Component\\Yaml\\": ""
                },
                "exclude-from-classmap": [
                    "/Tests/"
                ]
            },
            "notification-url": "https://packagist.org/downloads/",
            "license": [
                "MIT"
            ],
            "authors": [
                {
                    "name": "Fabien Potencier",
                    "email": "fabien@symfony.com"
                },
                {
                    "name": "Symfony Community",
                    "homepage": "https://symfony.com/contributors"
                }
            ],
            "description": "Symfony Yaml Component",
            "homepage": "https://symfony.com",
            "time": "2020-01-21T11:12:28+00:00"
        }
    ],
    "packages-dev": [],
    "aliases": [],
    "minimum-stability": "stable",
    "stability-flags": [],
    "prefer-stable": false,
    "prefer-lowest": false,
    "platform": [],
    "platform-dev": []
}
